{
  "name": "plugins",
  "lockfileVersion": 3,
  "requires": true,
  "packages": {
    "": {
      "devDependencies": {
        "@typescript/native-preview": "^7.0.0-dev.20260113.1"
      }
    },
    "node_modules/@typescript/native-preview": {
      "version": "7.0.0-dev.20260113.1",
      "resolved": "https://registry.npmjs.org/@typescript/native-preview/-/native-preview-7.0.0-dev.20260113.1.tgz",
      "integrity": "sha512-oz6EQSlmlGAcAEnwh1Tid0JOfJWHJNQNA2foBis1pAvXES+jsWRLuHPDu0wbzeVHLJm4qxSsejTCrMFYn2Yhbg==",
      "dev": true,
      "license": "Apache-2.0",
      "bin": {
        "tsgo": "bin/tsgo.js"
      },
      "optionalDependencies": {
        "@typescript/native-preview-darwin-arm64": "7.0.0-dev.20260113.1",
        "@typescript/native-preview-darwin-x64": "7.0.0-dev.20260113.1",
        "@typescript/native-preview-linux-arm": "7.0.0-dev.20260113.1",
        "@typescript/native-preview-linux-arm64": "7.0.0-dev.20260113.1",
        "@typescript/native-preview-linux-x64": "7.0.0-dev.20260113.1",
        "@typescript/native-preview-win32-arm64": "7.0.0-dev.20260113.1",
        "@typescript/native-preview-win32-x64": "7.0.0-dev.20260113.1"
      }
    },
    "node_modules/@typescript/native-preview-darwin-arm64": {
      "version": "7.0.0-dev.20260113.1",
      "resolved": "https://registry.npmjs.org/@typescript/native-preview-darwin-arm64/-/native-preview-darwin-arm64-7.0.0-dev.20260113.1.tgz",
      "integrity": "sha512-uAT5+7Z1PDMKXBHa6snw2m34cmYoKEqN2H18+aNgC40n/NKplnvWEogF7IFbdQKngJx4dfxflKTZwr6426+ktw==",
      "cpu": [
        "arm64"
      ],
      "dev": true,
      "license": "Apache-2.0",
      "optional": true,
      "os": [
        "darwin"
      ]
    },
    "node_modules/@typescript/native-preview-darwin-x64": {
      "version": "7.0.0-dev.20260113.1",
      "resolved": "https://registry.npmjs.org/@typescript/native-preview-darwin-x64/-/native-preview-darwin-x64-7.0.0-dev.20260113.1.tgz",
      "integrity": "sha512-pscoSdv6JkIJuCG5T6M7orIejZnuYO0a1kw2t69RFXJxuL3HcbX/kQ3S1xbw2+U7XPX4vwZk6OSS8xtuxlai5A==",
      "cpu": [
        "x64"
      ],
      "dev": true,
      "license": "Apache-2.0",
      "optional": true,
      "os": [
        "darwin"
      ]
    },
    "node_modules/@typescript/native-preview-linux-arm": {
      "version": "7.0.0-dev.20260113.1",
      "resolved": "https://registry.npmjs.org/@typescript/native-preview-linux-arm/-/native-preview-linux-arm-7.0.0-dev.20260113.1.tgz",
      "integrity": "sha512-3RegnIYwOPhBjIDa26Lqm9FBzCLNDx2BgJvmd3VU5wKzHa1aucH4dFGKdbWFZvUEKro2rpjxB5r1p3iz2Y+ZnA==",
      "cpu": [
        "arm"
      ],
      "dev": true,
      "license": "Apache-2.0",
      "optional": true,
      "os": [
        "linux"
      ]
    },
    "node_modules/@typescript/native-preview-linux-arm64": {
      "version": "7.0.0-dev.20260113.1",
      "resolved": "https://registry.npmjs.org/@typescript/native-preview-linux-arm64/-/native-preview-linux-arm64-7.0.0-dev.20260113.1.tgz",
      "integrity": "sha512-K1j7z6M8WsGXmc9NjAFCKAsWX9yCYkN73XH/nhovz3kpSl8DfLhzwHgK/ZMUyju1CeCK7kjQWPVXARWgPplw9Q==",
      "cpu": [
        "arm64"
      ],
      "dev": true,
      "license": "Apache-2.0",
      "optional": true,
      "os": [
        "linux"
      ]
    },
    "node_modules/@typescript/native-preview-linux-x64": {
      "version": "7.0.0-dev.20260113.1",
      "resolved": "https://registry.npmjs.org/@typescript/native-preview-linux-x64/-/native-preview-linux-x64-7.0.0-dev.20260113.1.tgz",
      "integrity": "sha512-AOKLMSlP03NF6Xn3UI7fWpe7/mHLqh9tnP4kvTPbvOzJ3jIVkjDQNgwfKBDJ8aam8DY1dTsNKUOtkhtBfxVtNw==",
      "cpu": [
        "x64"
      ],
      "dev": true,
      "license": "Apache-2.0",
      "optional": true,
      "os": [
        "linux"
      ]
    },
    "node_modules/@typescript/native-preview-win32-arm64": {
      "version": "7.0.0-dev.20260113.1",
      "resolved": "https://registry.npmjs.org/@typescript/native-preview-win32-arm64/-/native-preview-win32-arm64-7.0.0-dev.20260113.1.tgz",
      "integrity": "sha512-W8W3U9z0pXM02u/AnR0D1sKSdlquJ1pp6hf/uDd2WKvK2I/69aUwvh1gJ9YKTk/xZ5lInmV+AviDsgZjsMV1mg==",
      "cpu": [
        "arm64"
      ],
      "dev": true,
      "license": "Apache-2.0",
      "optional": true,
      "os": [
        "win32"
      ]
    },
    "node_modules/@typescript/native-preview-win32-x64": {
      "version": "7.0.0-dev.20260113.1",
      "resolved": "https://registry.npmjs.org/@typescript/native-preview-win32-x64/-/native-preview-win32-x64-7.0.0-dev.20260113.1.tgz",
      "integrity": "sha512-PCg9g8XTjRFMexs9qRvrpY6mnX6PQUKq3GSK/I/jncpuzhAZgAAj8cYRbCGdIq2pxwMFjBlmSgWOTwfweopnbg==",
      "cpu": [
        "x64"
      ],
      "dev": true,
      "license": "Apache-2.0",
      "optional": true,
      "os": [
        "win32"
      ]
    }
  }
}
